
Microsoft Visual Studio Solution File, Format Version 12.00
# Visual Studio 15
VisualStudioVersion = 15.0.26430.16
MinimumVisualStudioVersion = 10.0.40219.1
Project("{FAE04EC0-301F-11D3-BF4B-00C04F79EFBC}") = "CornerStoneApp", "CornerStoneApp\CornerStoneApp.csproj", "{13C05C1B-7E95-40CF-BA09-66F579DAD9BA}"
EndProject
Project("{FAE04EC0-301F-11D3-BF4B-00C04F79EFBC}") = "CornerstoneDB", "..\CornerstoneDB\CornerstoneDB\CornerstoneDB.csproj", "{AEB0B0D3-3A02-47A7-8564-668E114B2A97}"
EndProject
Global
	GlobalSection(SolutionConfigurationPlatforms) = preSolution
		Debug|Any CPU = Debug|Any CPU
		Release|Any CPU = Release|Any CPU
	EndGlobalSection
	GlobalSection(ProjectConfigurationPlatforms) = postSolution
		{13C05C1B-7E95-40CF-BA09-66F579DAD9BA}.Debug|Any CPU.ActiveCfg = Debug|Any CPU
		{13C05C1B-7E95-40CF-BA09-66F579DAD9BA}.Debug|Any CPU.Build.0 = Debug|Any CPU
		{13C05C1B-7E95-40CF-BA09-66F579DAD9BA}.Release|Any CPU.ActiveCfg = Release|Any CPU
		{13C05C1B-7E95-40CF-BA09-66F579DAD9BA}.Release|Any CPU.Build.0 = Release|Any CPU
		{AEB0B0D3-3A02-47A7-8564-668E114B2A97}.Debug|Any CPU.ActiveCfg = Debug|Any CPU
		{AEB0B0D3-3A02-47A7-8564-668E114B2A97}.Debug|Any CPU.Build.0 = Debug|Any CPU
		{AEB0B0D3-3A02-47A7-8564-668E114B2A97}.Release|Any CPU.ActiveCfg = Release|Any CPU
		{AEB0B0D3-3A02-47A7-8564-668E114B2A97}.Release|Any CPU.Build.0 = Release|Any CPU
	EndGlobalSection
	GlobalSection(SolutionProperties) = preSolution
		HideSolutionNode = FALSE
	EndGlobalSection
EndGlobal
